
Microsoft Visual Studio Solution File, Format Version 12.00
Project("{FAE04EC0-301F-11D3-BF4B-00C04F79EFBC}") = "ScriptOrganizer", "ScriptOrganizer\ScriptOrganizer.csproj", "{24727854-43AD-47A1-8F17-1DACC0B78D04}"
EndProject
Project("{FAE04EC0-301F-11D3-BF4B-00C04F79EFBC}") = "ScriptOrganizerTests", "ScriptOrganizerTests\ScriptOrganizerTests.csproj", "{0006D147-6DB2-4D74-831E-7ADBF35CCEF7}"
EndProject
Global
	GlobalSection(SolutionConfigurationPlatforms) = preSolution
		Debug|Any CPU = Debug|Any CPU
		Release|Any CPU = Release|Any CPU
	EndGlobalSection
	GlobalSection(ProjectConfigurationPlatforms) = postSolution
		{24727854-43AD-47A1-8F17-1DACC0B78D04}.Debug|Any CPU.ActiveCfg = Debug|Any CPU
		{24727854-43AD-47A1-8F17-1DACC0B78D04}.Debug|Any CPU.Build.0 = Debug|Any CPU
		{24727854-43AD-47A1-8F17-1DACC0B78D04}.Release|Any CPU.ActiveCfg = Release|Any CPU
		{24727854-43AD-47A1-8F17-1DACC0B78D04}.Release|Any CPU.Build.0 = Release|Any CPU
		{0006D147-6DB2-4D74-831E-7ADBF35CCEF7}.Debug|Any CPU.ActiveCfg = Debug|Any CPU
		{0006D147-6DB2-4D74-831E-7ADBF35CCEF7}.Debug|Any CPU.Build.0 = Debug|Any CPU
		{0006D147-6DB2-4D74-831E-7ADBF35CCEF7}.Release|Any CPU.ActiveCfg = Release|Any CPU
		{0006D147-6DB2-4D74-831E-7ADBF35CCEF7}.Release|Any CPU.Build.0 = Release|Any CPU
	EndGlobalSection
EndGlobal
